
Microsoft Visual Studio Solution File, Format Version 12.00
# Visual Studio 15
VisualStudioVersion = 15.0.27703.2042
MinimumVisualStudioVersion = 10.0.40219.1
Project("{FAE04EC0-301F-11D3-BF4B-00C04F79EFBC}") = "ShoppingCart.PriceCalculator", "ShoppingCart.PriceCalculator\ShoppingCart.PriceCalculator.csproj", "{396FA63C-D8D0-45F4-A5EC-2333CCA8D1D2}"
EndProject
Project("{FAE04EC0-301F-11D3-BF4B-00C04F79EFBC}") = "ShoppingCart.PriceCalculator.UnitTests", "ShoppingCart.PriceCalculator.UnitTests\ShoppingCart.PriceCalculator.UnitTests.csproj", "{A46EBFE4-7EB2-4527-B100-C101F87E8EA2}"
EndProject
Global
	GlobalSection(SolutionConfigurationPlatforms) = preSolution
		Debug|Any CPU = Debug|Any CPU
		Release|Any CPU = Release|Any CPU
	EndGlobalSection
	GlobalSection(ProjectConfigurationPlatforms) = postSolution
		{396FA63C-D8D0-45F4-A5EC-2333CCA8D1D2}.Debug|Any CPU.ActiveCfg = Debug|Any CPU
		{396FA63C-D8D0-45F4-A5EC-2333CCA8D1D2}.Debug|Any CPU.Build.0 = Debug|Any CPU
		{396FA63C-D8D0-45F4-A5EC-2333CCA8D1D2}.Release|Any CPU.ActiveCfg = Release|Any CPU
		{396FA63C-D8D0-45F4-A5EC-2333CCA8D1D2}.Release|Any CPU.Build.0 = Release|Any CPU
		{A46EBFE4-7EB2-4527-B100-C101F87E8EA2}.Debug|Any CPU.ActiveCfg = Debug|Any CPU
		{A46EBFE4-7EB2-4527-B100-C101F87E8EA2}.Debug|Any CPU.Build.0 = Debug|Any CPU
		{A46EBFE4-7EB2-4527-B100-C101F87E8EA2}.Release|Any CPU.ActiveCfg = Release|Any CPU
		{A46EBFE4-7EB2-4527-B100-C101F87E8EA2}.Release|Any CPU.Build.0 = Release|Any CPU
	EndGlobalSection
	GlobalSection(SolutionProperties) = preSolution
		HideSolutionNode = FALSE
	EndGlobalSection
	GlobalSection(ExtensibilityGlobals) = postSolution
		SolutionGuid = {585BCB6D-58C8-4464-B630-7A06F9A7617F}
	EndGlobalSection
EndGlobal
